
Microsoft Visual Studio Solution File, Format Version 12.00
# Visual Studio Version 17
VisualStudioVersion = 17.4.33122.133
MinimumVisualStudioVersion = 10.0.40219.1
Project("{FAE04EC0-301F-11D3-BF4B-00C04F79EFBC}") = "Mart Management System", "Mart Management System\Mart Management System.csproj", "{1EC2894A-E444-4DCF-BA5B-59C9458F781C}"
EndProject
Global
	GlobalSection(SolutionConfigurationPlatforms) = preSolution
		Debug|Any CPU = Debug|Any CPU
		Release|Any CPU = Release|Any CPU
	EndGlobalSection
	GlobalSection(ProjectConfigurationPlatforms) = postSolution
		{1EC2894A-E444-4DCF-BA5B-59C9458F781C}.Debug|Any CPU.ActiveCfg = Debug|Any CPU
		{1EC2894A-E444-4DCF-BA5B-59C9458F781C}.Debug|Any CPU.Build.0 = Debug|Any CPU
		{1EC2894A-E444-4DCF-BA5B-59C9458F781C}.Release|Any CPU.ActiveCfg = Release|Any CPU
		{1EC2894A-E444-4DCF-BA5B-59C9458F781C}.Release|Any CPU.Build.0 = Release|Any CPU
	EndGlobalSection
	GlobalSection(SolutionProperties) = preSolution
		HideSolutionNode = FALSE
	EndGlobalSection
	GlobalSection(ExtensibilityGlobals) = postSolution
		SolutionGuid = {BEB6652C-87C3-4EDE-84E2-66CA00699070}
	EndGlobalSection
EndGlobal
